
Microsoft Visual Studio Solution File, Format Version 11.00
# Visual Studio 2010
Project("{FAE04EC0-301F-11D3-BF4B-00C04F79EFBC}") = "MapGenerator", "MapGenerator\MapGenerator.csproj", "{F069AA71-4080-4412-858C-725EBF17DA52}"
EndProject
Global
	GlobalSection(SolutionConfigurationPlatforms) = preSolution
		Debug|x86 = Debug|x86
		Release|x86 = Release|x86
	EndGlobalSection
	GlobalSection(ProjectConfigurationPlatforms) = postSolution
		{F069AA71-4080-4412-858C-725EBF17DA52}.Debug|x86.ActiveCfg = Debug|x86
		{F069AA71-4080-4412-858C-725EBF17DA52}.Debug|x86.Build.0 = Debug|x86
		{F069AA71-4080-4412-858C-725EBF17DA52}.Release|x86.ActiveCfg = Release|x86
		{F069AA71-4080-4412-858C-725EBF17DA52}.Release|x86.Build.0 = Release|x86
	EndGlobalSection
	GlobalSection(SolutionProperties) = preSolution
		HideSolutionNode = FALSE
	EndGlobalSection
EndGlobal
